
Microsoft Visual Studio Solution File, Format Version 12.00
# Visual Studio Version 17
VisualStudioVersion = 17.10.35013.160
MinimumVisualStudioVersion = 10.0.40219.1
Project("{9A19103F-16F7-4668-BE54-9A1E7A4F7556}") = "DBBackend", "DBBackend.csproj", "{606034DF-1E39-4278-9914-6C46954A18DF}"
EndProject
Project("{FAE04EC0-301F-11D3-BF4B-00C04F79EFBC}") = "Attendance Application", "..\Attendance Application\Attendance Application.csproj", "{22DB3A71-FB69-4C52-B136-C0E4D403A23A}"
EndProject
Global
	GlobalSection(SolutionConfigurationPlatforms) = preSolution
		Debug|Any CPU = Debug|Any CPU
		Release|Any CPU = Release|Any CPU
	EndGlobalSection
	GlobalSection(ProjectConfigurationPlatforms) = postSolution
		{606034DF-1E39-4278-9914-6C46954A18DF}.Debug|Any CPU.ActiveCfg = Debug|Any CPU
		{606034DF-1E39-4278-9914-6C46954A18DF}.Debug|Any CPU.Build.0 = Debug|Any CPU
		{606034DF-1E39-4278-9914-6C46954A18DF}.Release|Any CPU.ActiveCfg = Release|Any CPU
		{606034DF-1E39-4278-9914-6C46954A18DF}.Release|Any CPU.Build.0 = Release|Any CPU
		{22DB3A71-FB69-4C52-B136-C0E4D403A23A}.Debug|Any CPU.ActiveCfg = Debug|Any CPU
		{22DB3A71-FB69-4C52-B136-C0E4D403A23A}.Debug|Any CPU.Build.0 = Debug|Any CPU
		{22DB3A71-FB69-4C52-B136-C0E4D403A23A}.Release|Any CPU.ActiveCfg = Release|Any CPU
		{22DB3A71-FB69-4C52-B136-C0E4D403A23A}.Release|Any CPU.Build.0 = Release|Any CPU
	EndGlobalSection
	GlobalSection(SolutionProperties) = preSolution
		HideSolutionNode = FALSE
	EndGlobalSection
	GlobalSection(ExtensibilityGlobals) = postSolution
		SolutionGuid = {937663B1-C755-4C9A-846C-A9F70660B39E}
	EndGlobalSection
EndGlobal
